# THIS IS AN AUTOGENERATED FILE. DO NOT EDIT THIS FILE DIRECTLY.
# yarn lockfile v1


"@sweetalert2/theme-bootstrap-4@^3.2.0":
  version "3.2.0"
  resolved "https://registry.yarnpkg.com/@sweetalert2/theme-bootstrap-4/-/theme-bootstrap-4-3.2.0.tgz#9580fcefd7c624863e5a7cd35cb6b253e0ac8592"
  integrity sha512-hNt+KMN84FLeL+AomgiCnsuBViFnVamq8ABwn2Y/EvLBQKPRvRQuYtoX+Ub6B6R3brdh6ylPpDwnUGC1xyhi9A==

big.js@^5.2.2:
  version "5.2.2"
  resolved "https://registry.yarnpkg.com/big.js/-/big.js-5.2.2.tgz#65f0af382f578bcdc742bd9c281e9cb2d7768328"
  integrity sha512-vyL2OymJxmarO8gxMr0mhChsO9QGwhynfuu4+MHTAW6czfq9humCB7rKpUjDd9YUiDPU4mzpyupFSvOClAwbmQ==

bootstrap-select@^1.13.12:
  version "1.13.18"
  resolved "https://registry.yarnpkg.com/bootstrap-select/-/bootstrap-select-1.13.18.tgz#4557119d58dc1159189977161c803962220e4dda"
  integrity sha512-V1IzK4rxBq5FrJtkzSH6RmFLFBsjx50byFbfAf8jYyXROWs7ZpprGjdHeoyq2HSsHyjJhMMwjsQhRoYAfxCGow==

bootstrap-table@^1.20.2:
  version "1.20.2"
  resolved "https://registry.yarnpkg.com/bootstrap-table/-/bootstrap-table-1.20.2.tgz#187fcd1812fa3422f964e3b32e3fc3d266108a83"
  integrity sha512-6j9zfjjK6VZyJj8KsH+LnGczqglmMvMctGAoEAKDvrQ92ExQbA3mHGYPQr9iPrzoyeGL8+6Dyx6LqJbWmWmBoA==

bootstrap4-toggle@^3.4.0:
  version "3.4.0"
  resolved "https://registry.yarnpkg.com/bootstrap4-toggle/-/bootstrap4-toggle-3.4.0.tgz#58264d4c7fd24eb2e09cca5156a338b2b22a4792"
  integrity sha512-vKfBgsjICW6mOqb264qwwbbGtpcOx+p9jOlQmLfRZ07iGE+b5YbQlY4ft9aAhPulh7V3oKOtEuuq0FcSKAI4bQ==

bootstrap@>=4.1.2:
  version "4.3.1"
  resolved "https://registry.yarnpkg.com/bootstrap/-/bootstrap-4.3.1.tgz#280ca8f610504d99d7b6b4bfc4b68cec601704ac"
  integrity sha512-rXqOmH1VilAt2DyPzluTi2blhk17bO7ef+zLLPlWvG494pDxcM234pJ8wTc/6R40UWizAIIMgxjvxZg5kmsbag==

bootstrap@^4.3.1:
  version "4.5.0"
  resolved "https://registry.yarnpkg.com/bootstrap/-/bootstrap-4.5.0.tgz#97d9dbcb5a8972f8722c9962483543b907d9b9ec"
  integrity sha512-Z93QoXvodoVslA+PWNdk23Hze4RBYIkpb5h8I2HY2Tu2h7A0LpAgLcyrhrSUyo2/Oxm2l1fRZPs1e5hnxnliXA==

coffee-loader@^0.9.0:
  version "0.9.0"
  resolved "https://registry.yarnpkg.com/coffee-loader/-/coffee-loader-0.9.0.tgz#6deabd336062ddc6d773da4dfd16367fc7107bd6"
  integrity sha512-VSoQ5kWr6Yfjn4RDpVbba2XMs3XG1ZXtLakPRt8dNfUcNU9h+1pocpdUUEd7NK9rLDwrju4yonhxrL8aMr5tww==
  dependencies:
    loader-utils "^1.0.2"

coffeescript@^2.4.1:
  version "2.4.1"
  resolved "https://registry.yarnpkg.com/coffeescript/-/coffeescript-2.4.1.tgz#815fd337df0a34d49e74a98a6ebea9c3e7930f70"
  integrity sha512-34GV1aHrsMpTaO3KfMJL40ZNuvKDR/g98THHnE9bQj8HjMaZvSrLik99WWqyMhRtbe8V5hpx5iLgdcSvM/S2wg==

corejs-typeahead@^1.2.1:
  version "1.2.1"
  resolved "https://registry.yarnpkg.com/corejs-typeahead/-/corejs-typeahead-1.2.1.tgz#345a8afe664cc494075b59b64777807f0b3f132b"
  integrity sha1-NFqK/mZMxJQHW1m2R3eAfws/Eys=
  dependencies:
    jquery ">=1.11"

emojis-list@^3.0.0:
  version "3.0.0"
  resolved "https://registry.yarnpkg.com/emojis-list/-/emojis-list-3.0.0.tgz#5570662046ad29e2e916e71aae260abdff4f6a78"
  integrity sha512-/kyM18EfinwXZbno9FyUGeFh87KC8HRQBQGildHZbEuRyWFOmv1U10o9BBp8XVZDVNNuQKyIGIu5ZYAAXJ0V2Q==

jquery@>=1.11, jquery@^3.0, jquery@^3.5.0:
  version "3.5.0"
  resolved "https://registry.yarnpkg.com/jquery/-/jquery-3.5.0.tgz#9980b97d9e4194611c36530e7dc46a58d7340fc9"
  integrity sha512-Xb7SVYMvygPxbFMpTFQiHh1J7HClEaThguL15N/Gg37Lri/qKyhRGZYzHRyLH8Stq3Aow0LsHO2O2ci86fCrNQ==

js-cookie@^2.2.0:
  version "2.2.0"
  resolved "https://registry.yarnpkg.com/js-cookie/-/js-cookie-2.2.0.tgz#1b2c279a6eece380a12168b92485265b35b1effb"
  integrity sha1-Gywnmm7s44ChIWi5JIUmWzWx7/s=

json5@^1.0.1:
  version "1.0.1"
  resolved "https://registry.yarnpkg.com/json5/-/json5-1.0.1.tgz#779fb0018604fa854eacbf6252180d83543e3dbe"
  integrity sha512-aKS4WQjPenRxiQsC93MNfjx+nbF4PAdYzmd/1JIj8HYzqfbu86beTuNgXDzPknWk0n0uARlyewZo4s++ES36Ow==
  dependencies:
    minimist "^1.2.0"

loader-utils@^1.0.2:
  version "1.4.2"
  resolved "https://registry.yarnpkg.com/loader-utils/-/loader-utils-1.4.2.tgz#29a957f3a63973883eb684f10ffd3d151fec01a3"
  integrity sha512-I5d00Pd/jwMD2QCduo657+YM/6L3KZu++pmX9VFncxaxvHcru9jx1lBaFft+r4Mt2jK0Yhp41XlRAihzPxHNCg==
  dependencies:
    big.js "^5.2.2"
    emojis-list "^3.0.0"
    json5 "^1.0.1"

minimist@^1.2.0:
  version "1.2.7"
  resolved "https://registry.yarnpkg.com/minimist/-/minimist-1.2.7.tgz#daa1c4d91f507390437c6a8bc01078e7000c4d18"
  integrity sha512-bzfL1YUZsP41gmu/qjrEk0Q6i2ix/cVeAhbCbqH9u3zYutS1cLg00qhrD0M2MVdCcx4Sc0UpP2eBWo9rotpq6g==

moment-timezone@^0.4.0:
  version "0.4.1"
  resolved "https://registry.yarnpkg.com/moment-timezone/-/moment-timezone-0.4.1.tgz#81f598c3ad5e22cdad796b67ecd8d88d0f5baa06"
  integrity sha1-gfWYw61eIs2teWtn7NjYjQ9bqgY=
  dependencies:
    moment ">= 2.6.0"

moment-timezone@^0.5.11, moment-timezone@^0.5.25:
  version "0.5.25"
  resolved "https://registry.yarnpkg.com/moment-timezone/-/moment-timezone-0.5.25.tgz#a11bfa2f74e088327f2cd4c08b3e7bdf55957810"
  integrity sha512-DgEaTyN/z0HFaVcVbSyVCUU6HeFdnNC3vE4c9cgu2dgMTvjBUBdBzWfasTBmAW45u5OIMeCJtU8yNjM22DHucw==
  dependencies:
    moment ">= 2.9.0"

"moment@>= 2.6.0", "moment@>= 2.9.0", moment@^2.22.2, moment@^2.29.2:
  version "2.29.2"
  resolved "https://registry.yarnpkg.com/moment/-/moment-2.29.2.tgz#00910c60b20843bcba52d37d58c628b47b1f20e4"
  integrity sha512-UgzG4rvxYpN15jgCmVJwac49h9ly9NurikMWGPdVxm8GZD6XjkKPxDTjQQ43gtGgnV3X0cAyWDdP2Wexoquifg==

nprogress@^0.2.0:
  version "0.2.0"
  resolved "https://registry.yarnpkg.com/nprogress/-/nprogress-0.2.0.tgz#cb8f34c53213d895723fcbab907e9422adbcafb1"
  integrity sha1-y480xTIT2JVyP8urkH6UIq28r7E=

popper.js@^1.14.3:
  version "1.15.0"
  resolved "https://registry.yarnpkg.com/popper.js/-/popper.js-1.15.0.tgz#5560b99bbad7647e9faa475c6b8056621f5a4ff2"
  integrity sha512-w010cY1oCUmI+9KwwlWki+r5jxKfTFDVoadl7MSrIujHU5MJ5OR6HTDj6Xo8aoR/QsA56x8jKjA59qGH4ELtrA==

popper.js@^1.16.1:
  version "1.16.1"
  resolved "https://registry.yarnpkg.com/popper.js/-/popper.js-1.16.1.tgz#2a223cb3dc7b6213d740e40372be40de43e65b1b"
  integrity sha512-Wb4p1J4zyFTbM+u6WuO4XstYx4Ky9Cewe4DWrel7B0w6VVICvPwdOpotjzcf6eD8TsckVnIMNONQyPIUFOUbCQ==

promise-polyfill@^8.1.3:
  version "8.1.3"
  resolved "https://registry.yarnpkg.com/promise-polyfill/-/promise-polyfill-8.1.3.tgz#8c99b3cf53f3a91c68226ffde7bde81d7f904116"
  integrity sha512-MG5r82wBzh7pSKDRa9y+vllNHz3e3d4CNj1PQE4BQYxLme0gKYYBm9YENq+UkEikyZ0XbiGWxYlVw3Rl9O/U8g==

stickybits@^3.6.6:
  version "3.6.6"
  resolved "https://registry.yarnpkg.com/stickybits/-/stickybits-3.6.6.tgz#ce042cbeaecfcc84cda602be6f5bc99b63e2964c"
  integrity sha512-+++I84+V+IqRXCDIgSn7tGHXF1BtsPn/Nb3Ve3ZEH2NnTauorHyUFbKTW+nycobxtsGQMnl5V0WdHxGTDdmp+A==

sweetalert2@^9.17.1:
  version "9.17.1"
  resolved "https://registry.yarnpkg.com/sweetalert2/-/sweetalert2-9.17.1.tgz#3d3c8d2dd8b44aeec6a01bf611be265143586bd1"
  integrity sha512-D/VE2lT/bKd64/RBglLUtQ+3nsftzjzIiP2iqN6zPzPwf+2djIY+4k8Bg430zxRUn4DkZzyIuU58q3n0J43lvw==

tempusdominus-bootstrap-4@^5.1.2:
  version "5.1.2"
  resolved "https://registry.yarnpkg.com/tempusdominus-bootstrap-4/-/tempusdominus-bootstrap-4-5.1.2.tgz#3c9906ca6e5d563faa0b81b2fdc6aa79cad9c0be"
  integrity sha512-ksD8qc4wOJeE19wvryXmEpRzMUSZu4wSOdG6zKSn8l4ccad16249KOX1j0CccyZpuuES/n4FLqLAUB+Dd1LTBA==
  dependencies:
    bootstrap ">=4.1.2"
    jquery "^3.0"
    moment "^2.22.2"
    moment-timezone "^0.5.11"
    popper.js "^1.14.3"

tempusdominus-core@^5.0.3:
  version "5.0.3"
  resolved "https://registry.yarnpkg.com/tempusdominus-core/-/tempusdominus-core-5.0.3.tgz#808642e47a83f45d7ef18c1597fd7b1d413d69e5"
  integrity sha512-52lClmU33gb6J6I/S9uGDrgQwccq3Yw9SlZerTgGLOzOB3Sc9pgIVBirfPMsMcx8nPsg6mA5ItFAH/5BZiQThg==
  dependencies:
    jquery "^3.0"
    moment "^2.22.2"
    moment-timezone "^0.4.0"

url-polyfill@^1.1.7:
  version "1.1.7"
  resolved "https://registry.yarnpkg.com/url-polyfill/-/url-polyfill-1.1.7.tgz#402ee84360eb549bbeb585f4c7971e79a31de9e3"
  integrity sha512-ZrAxYWCREjmMtL8gSbSiKKLZZticgihCvVBtrFbUVpyoETt8GQJeG2okMWA8XryDAaHMjJfhnc+rnhXRbI4DXA==
